
Microsoft Visual Studio Solution File, Format Version 12.00
# Visual Studio 15
VisualStudioVersion = 15.0.28307.1000
MinimumVisualStudioVersion = 10.0.40219.1
Project("{FAE04EC0-301F-11D3-BF4B-00C04F79EFBC}") = "CICDTestProject", "CICDTestProject\CICDTestProject.csproj", "{D2D141D0-25D5-4F85-932A-C33D5A489135}"
EndProject
Global
	GlobalSection(SolutionConfigurationPlatforms) = preSolution
		Debug|Any CPU = Debug|Any CPU
		Release|Any CPU = Release|Any CPU
	EndGlobalSection
	GlobalSection(ProjectConfigurationPlatforms) = postSolution
		{D2D141D0-25D5-4F85-932A-C33D5A489135}.Debug|Any CPU.ActiveCfg = Debug|Any CPU
		{D2D141D0-25D5-4F85-932A-C33D5A489135}.Debug|Any CPU.Build.0 = Debug|Any CPU
		{D2D141D0-25D5-4F85-932A-C33D5A489135}.Release|Any CPU.ActiveCfg = Release|Any CPU
		{D2D141D0-25D5-4F85-932A-C33D5A489135}.Release|Any CPU.Build.0 = Release|Any CPU
	EndGlobalSection
	GlobalSection(SolutionProperties) = preSolution
		HideSolutionNode = FALSE
	EndGlobalSection
	GlobalSection(ExtensibilityGlobals) = postSolution
		SolutionGuid = {6A47D5AC-1289-49B1-9D24-3D819696CD34}
	EndGlobalSection
EndGlobal
